
Microsoft Visual Studio Solution File, Format Version 12.00
# Visual Studio Version 17
VisualStudioVersion = 17.13.35919.96
MinimumVisualStudioVersion = 10.0.40219.1
Project("{FAE04EC0-301F-11D3-BF4B-00C04F79EFBC}") = "WhenSharp", "src\WhenSharp\WhenSharp.csproj", "{00718FF0-0552-4AE5-8591-E187A622509E}"
EndProject
Project("{2150E333-8FDC-42A3-9474-1A3956D46DE8}") = "src", "src", "{02EA681E-C7D8-13C7-8484-4AC65E1B71E8}"
EndProject
Project("{2150E333-8FDC-42A3-9474-1A3956D46DE8}") = "tests", "tests", "{FA611FFD-C97F-45E3-A248-523BE4927F0B}"
EndProject
Project("{FAE04EC0-301F-11D3-BF4B-00C04F79EFBC}") = "WhenSharp.Tests", "tests\WhenSharp.Tests\WhenSharp.Tests.csproj", "{00BD205C-8922-4410-98DC-4DAFE6BC9988}"
EndProject
Global
	GlobalSection(SolutionConfigurationPlatforms) = preSolution
		Debug|Any CPU = Debug|Any CPU
		Release|Any CPU = Release|Any CPU
	EndGlobalSection
	GlobalSection(ProjectConfigurationPlatforms) = postSolution
		{00718FF0-0552-4AE5-8591-E187A622509E}.Debug|Any CPU.ActiveCfg = Debug|Any CPU
		{00718FF0-0552-4AE5-8591-E187A622509E}.Debug|Any CPU.Build.0 = Debug|Any CPU
		{00718FF0-0552-4AE5-8591-E187A622509E}.Release|Any CPU.ActiveCfg = Release|Any CPU
		{00718FF0-0552-4AE5-8591-E187A622509E}.Release|Any CPU.Build.0 = Release|Any CPU
		{00BD205C-8922-4410-98DC-4DAFE6BC9988}.Debug|Any CPU.ActiveCfg = Debug|Any CPU
		{00BD205C-8922-4410-98DC-4DAFE6BC9988}.Debug|Any CPU.Build.0 = Debug|Any CPU
		{00BD205C-8922-4410-98DC-4DAFE6BC9988}.Release|Any CPU.ActiveCfg = Release|Any CPU
		{00BD205C-8922-4410-98DC-4DAFE6BC9988}.Release|Any CPU.Build.0 = Release|Any CPU
	EndGlobalSection
	GlobalSection(SolutionProperties) = preSolution
		HideSolutionNode = FALSE
	EndGlobalSection
	GlobalSection(NestedProjects) = preSolution
		{00718FF0-0552-4AE5-8591-E187A622509E} = {02EA681E-C7D8-13C7-8484-4AC65E1B71E8}
		{00BD205C-8922-4410-98DC-4DAFE6BC9988} = {FA611FFD-C97F-45E3-A248-523BE4927F0B}
	EndGlobalSection
	GlobalSection(ExtensibilityGlobals) = postSolution
		SolutionGuid = {7AE9DDF6-1749-4323-B191-26E8DA3FA20C}
	EndGlobalSection
EndGlobal
